
Microsoft Visual Studio Solution File, Format Version 12.00
# Visual Studio Version 16
VisualStudioVersion = 16.0.29728.190
MinimumVisualStudioVersion = 10.0.40219.1
Project("{9A19103F-16F7-4668-BE54-9A1E7A4F7556}") = "MgrAngularWithDockers", "MgrAngularWithDockers\MgrAngularWithDockers.csproj", "{827812D6-FF24-4403-BE84-5FF372575C39}"
EndProject
Project("{2150E333-8FDC-42A3-9474-1A3956D46DE8}") = "MicroServices", "MicroServices", "{E687D9B2-1A60-480F-9B0B-0783AD399C4A}"
EndProject
Project("{2150E333-8FDC-42A3-9474-1A3956D46DE8}") = "Shared", "Shared", "{72E9C913-9A0F-4FE4-9F9A-2738EB6644BB}"
EndProject
Project("{9A19103F-16F7-4668-BE54-9A1E7A4F7556}") = "InstanceMicroService", "ContainerCreatorMicroService\InstanceMicroService.csproj", "{17A35489-9205-4765-B5EB-128979C6C6FF}"
EndProject
Project("{9A19103F-16F7-4668-BE54-9A1E7A4F7556}") = "IntegrationTests", "UnitTests\IntegrationTests.csproj", "{47B779C7-2129-4A84-8132-595FC36FE5B1}"
EndProject
Project("{9A19103F-16F7-4668-BE54-9A1E7A4F7556}") = "MgrAngularWithDockers.Core", "MgrAngularWithDockers.Core\MgrAngularWithDockers.Core.csproj", "{B9BE4C3D-4B44-48A4-B3FD-78A6765A0092}"
EndProject
Project("{2150E333-8FDC-42A3-9474-1A3956D46DE8}") = "Solution Items", "Solution Items", "{3CFE0F35-E0B0-418A-A7A0-3E373570B2FF}"
	ProjectSection(SolutionItems) = preProject
		.dockerignore = .dockerignore
		docker-compose.yml = docker-compose.yml
		Dockerfile = Dockerfile
	EndProjectSection
EndProject
Project("{9A19103F-16F7-4668-BE54-9A1E7A4F7556}") = "Tests.Core", "Tests.Core\Tests.Core.csproj", "{7F114EDF-87CD-4DD2-AA7F-F1392F2A9990}"
EndProject
Project("{9A19103F-16F7-4668-BE54-9A1E7A4F7556}") = "DockerTestRunner", "DockerTestRunner\DockerTestRunner.csproj", "{7E407AA4-FB52-4855-9235-33BD30F47372}"
EndProject
Global
	GlobalSection(SolutionConfigurationPlatforms) = preSolution
		Debug|Any CPU = Debug|Any CPU
		Release|Any CPU = Release|Any CPU
	EndGlobalSection
	GlobalSection(ProjectConfigurationPlatforms) = postSolution
		{827812D6-FF24-4403-BE84-5FF372575C39}.Debug|Any CPU.ActiveCfg = Debug|Any CPU
		{827812D6-FF24-4403-BE84-5FF372575C39}.Debug|Any CPU.Build.0 = Debug|Any CPU
		{827812D6-FF24-4403-BE84-5FF372575C39}.Release|Any CPU.ActiveCfg = Release|Any CPU
		{827812D6-FF24-4403-BE84-5FF372575C39}.Release|Any CPU.Build.0 = Release|Any CPU
		{17A35489-9205-4765-B5EB-128979C6C6FF}.Debug|Any CPU.ActiveCfg = Debug|Any CPU
		{17A35489-9205-4765-B5EB-128979C6C6FF}.Debug|Any CPU.Build.0 = Debug|Any CPU
		{17A35489-9205-4765-B5EB-128979C6C6FF}.Release|Any CPU.ActiveCfg = Release|Any CPU
		{17A35489-9205-4765-B5EB-128979C6C6FF}.Release|Any CPU.Build.0 = Release|Any CPU
		{47B779C7-2129-4A84-8132-595FC36FE5B1}.Debug|Any CPU.ActiveCfg = Debug|Any CPU
		{47B779C7-2129-4A84-8132-595FC36FE5B1}.Debug|Any CPU.Build.0 = Debug|Any CPU
		{47B779C7-2129-4A84-8132-595FC36FE5B1}.Release|Any CPU.ActiveCfg = Release|Any CPU
		{47B779C7-2129-4A84-8132-595FC36FE5B1}.Release|Any CPU.Build.0 = Release|Any CPU
		{B9BE4C3D-4B44-48A4-B3FD-78A6765A0092}.Debug|Any CPU.ActiveCfg = Debug|Any CPU
		{B9BE4C3D-4B44-48A4-B3FD-78A6765A0092}.Debug|Any CPU.Build.0 = Debug|Any CPU
		{B9BE4C3D-4B44-48A4-B3FD-78A6765A0092}.Release|Any CPU.ActiveCfg = Release|Any CPU
		{B9BE4C3D-4B44-48A4-B3FD-78A6765A0092}.Release|Any CPU.Build.0 = Release|Any CPU
		{7F114EDF-87CD-4DD2-AA7F-F1392F2A9990}.Debug|Any CPU.ActiveCfg = Debug|Any CPU
		{7F114EDF-87CD-4DD2-AA7F-F1392F2A9990}.Debug|Any CPU.Build.0 = Debug|Any CPU
		{7F114EDF-87CD-4DD2-AA7F-F1392F2A9990}.Release|Any CPU.ActiveCfg = Release|Any CPU
		{7F114EDF-87CD-4DD2-AA7F-F1392F2A9990}.Release|Any CPU.Build.0 = Release|Any CPU
		{7E407AA4-FB52-4855-9235-33BD30F47372}.Debug|Any CPU.ActiveCfg = Debug|Any CPU
		{7E407AA4-FB52-4855-9235-33BD30F47372}.Debug|Any CPU.Build.0 = Debug|Any CPU
		{7E407AA4-FB52-4855-9235-33BD30F47372}.Release|Any CPU.ActiveCfg = Release|Any CPU
		{7E407AA4-FB52-4855-9235-33BD30F47372}.Release|Any CPU.Build.0 = Release|Any CPU
	EndGlobalSection
	GlobalSection(SolutionProperties) = preSolution
		HideSolutionNode = FALSE
	EndGlobalSection
	GlobalSection(NestedProjects) = preSolution
		{17A35489-9205-4765-B5EB-128979C6C6FF} = {E687D9B2-1A60-480F-9B0B-0783AD399C4A}
		{7F114EDF-87CD-4DD2-AA7F-F1392F2A9990} = {72E9C913-9A0F-4FE4-9F9A-2738EB6644BB}
		{7E407AA4-FB52-4855-9235-33BD30F47372} = {E687D9B2-1A60-480F-9B0B-0783AD399C4A}
	EndGlobalSection
	GlobalSection(ExtensibilityGlobals) = postSolution
		SolutionGuid = {16EF299F-6961-4523-A427-4FC33B775732}
	EndGlobalSection
EndGlobal
